
Microsoft Visual Studio Solution File, Format Version 12.00
# Visual Studio Version 17
VisualStudioVersion = 17.7.34031.279
MinimumVisualStudioVersion = 10.0.40219.1
Project("{FAE04EC0-301F-11D3-BF4B-00C04F79EFBC}") = "StringMethods-Classes-MethodsTasks", "StringMethods-Classes-MethodsTasks\StringMethods-Classes-MethodsTasks.csproj", "{1F4569D7-2FEB-4594-9A23-5B01C544DFE4}"
EndProject
Project("{FAE04EC0-301F-11D3-BF4B-00C04F79EFBC}") = "CustomStringMethods", "CustomStringMethods\CustomStringMethods.csproj", "{A9408D48-C539-47D0-97A5-ECF4204514A6}"
EndProject
Global
	GlobalSection(SolutionConfigurationPlatforms) = preSolution
		Debug|Any CPU = Debug|Any CPU
		Release|Any CPU = Release|Any CPU
	EndGlobalSection
	GlobalSection(ProjectConfigurationPlatforms) = postSolution
		{1F4569D7-2FEB-4594-9A23-5B01C544DFE4}.Debug|Any CPU.ActiveCfg = Debug|Any CPU
		{1F4569D7-2FEB-4594-9A23-5B01C544DFE4}.Debug|Any CPU.Build.0 = Debug|Any CPU
		{1F4569D7-2FEB-4594-9A23-5B01C544DFE4}.Release|Any CPU.ActiveCfg = Release|Any CPU
		{1F4569D7-2FEB-4594-9A23-5B01C544DFE4}.Release|Any CPU.Build.0 = Release|Any CPU
		{A9408D48-C539-47D0-97A5-ECF4204514A6}.Debug|Any CPU.ActiveCfg = Debug|Any CPU
		{A9408D48-C539-47D0-97A5-ECF4204514A6}.Debug|Any CPU.Build.0 = Debug|Any CPU
		{A9408D48-C539-47D0-97A5-ECF4204514A6}.Release|Any CPU.ActiveCfg = Release|Any CPU
		{A9408D48-C539-47D0-97A5-ECF4204514A6}.Release|Any CPU.Build.0 = Release|Any CPU
	EndGlobalSection
	GlobalSection(SolutionProperties) = preSolution
		HideSolutionNode = FALSE
	EndGlobalSection
	GlobalSection(ExtensibilityGlobals) = postSolution
		SolutionGuid = {51E5964B-1A03-4F02-B42B-B3497E217E36}
	EndGlobalSection
EndGlobal
